
Microsoft Visual Studio Solution File, Format Version 12.00
# Visual Studio 15
VisualStudioVersion = 15.0.28307.421
MinimumVisualStudioVersion = 10.0.40219.1
Project("{9A19103F-16F7-4668-BE54-9A1E7A4F7556}") = "CashCardApi", "CreditCardApi\CashCardApi.csproj", "{461DBDBF-7E3E-4BB8-BA3D-93B2C09A560A}"
EndProject
Project("{2150E333-8FDC-42A3-9474-1A3956D46DE8}") = "Tests", "Tests", "{1872EF9C-FA44-4531-87F2-64C6234FD0E1}"
EndProject
Project("{2150E333-8FDC-42A3-9474-1A3956D46DE8}") = "Domain", "Domain", "{40FE5EBB-0B40-470B-9716-B2D82CDFBB98}"
EndProject
Project("{2150E333-8FDC-42A3-9474-1A3956D46DE8}") = "Infrastructure", "Infrastructure", "{75BA3801-80CD-47BB-B335-13BB74E4C1CD}"
EndProject
Project("{2150E333-8FDC-42A3-9474-1A3956D46DE8}") = "Application", "Application", "{6AF17CD2-D4D5-4460-BD99-91988DCA9221}"
EndProject
Project("{2150E333-8FDC-42A3-9474-1A3956D46DE8}") = "CashCard", "CashCard", "{7E06EF2A-57F8-4123-9D32-42925AA9EBCA}"
EndProject
Project("{2150E333-8FDC-42A3-9474-1A3956D46DE8}") = "CrossCutting", "CrossCutting", "{27B10315-4CAC-4BAE-8FBC-A2B1955CFB09}"
EndProject
Project("{2150E333-8FDC-42A3-9474-1A3956D46DE8}") = "CrossCutting.MessageBase", "CrossCutting.MessageBase", "{BB969A85-D15E-47F1-B728-37A9F3CA60CF}"
EndProject
Project("{2150E333-8FDC-42A3-9474-1A3956D46DE8}") = "CrossCutting.DomainBase", "CrossCutting.DomainBase", "{2C4FD852-CBB2-497D-843C-D6BA4044BFA9}"
EndProject
Project("{9A19103F-16F7-4668-BE54-9A1E7A4F7556}") = "Messages", "Messages\Messages.csproj", "{D0827C9E-5618-428E-881D-022930B4330E}"
EndProject
Project("{9A19103F-16F7-4668-BE54-9A1E7A4F7556}") = "CashCardExample.AcceptanceTests", "CashCardApi.AcceptanceTests\CashCardExample.AcceptanceTests.csproj", "{0E77AEB7-5D5D-4AED-8DD4-8C1A90DF555C}"
EndProject
Project("{9A19103F-16F7-4668-BE54-9A1E7A4F7556}") = "CashCard.Service", "CashCard.Service\CashCard.Service.csproj", "{829CEAF7-D3B2-4E3E-8F66-BE555EF19C20}"
EndProject
Project("{9A19103F-16F7-4668-BE54-9A1E7A4F7556}") = "Domain", "Domain\Domain.csproj", "{2259CE07-7754-4621-A278-7FA2BD58CFA9}"
EndProject
Project("{9A19103F-16F7-4668-BE54-9A1E7A4F7556}") = "CashCardExample.UnitTests", "CashCardExample.UnitTests\CashCardExample.UnitTests.csproj", "{81566E48-ACD0-4E79-ADB0-8A47A49BD06A}"
EndProject
Project("{9A19103F-16F7-4668-BE54-9A1E7A4F7556}") = "DomainBase", "CrossCutting\DomainBase\Domain\DomainBase.csproj", "{914A1519-022C-4326-8753-88A4673F994F}"
EndProject
Project("{9A19103F-16F7-4668-BE54-9A1E7A4F7556}") = "DomainBase.Tests", "CrossCutting\DomainBase\Domain.Tests\DomainBase.Tests.csproj", "{5273F151-604A-4EF6-A477-9F0BB09E10D6}"
EndProject
Project("{9A19103F-16F7-4668-BE54-9A1E7A4F7556}") = "MessageBase", "CrossCutting\MessageBase\MessageBase.csproj", "{DF00F170-FC04-4E64-93B1-1AA6D75B9B62}"
EndProject
Project("{2150E333-8FDC-42A3-9474-1A3956D46DE8}") = "_Client", "_Client", "{B85E34B3-DA97-4AD8-A094-BA6EBCBD3A2B}"
EndProject
Project("{9A19103F-16F7-4668-BE54-9A1E7A4F7556}") = "CrossCutting.NServiceBus", "NServiceBus\CrossCutting.NServiceBus.csproj", "{14AC1F13-7B02-4403-9F91-F7D1FE92EA17}"
EndProject
Project("{9A19103F-16F7-4668-BE54-9A1E7A4F7556}") = "SimpleVirtualATMMachine", "SimpleVirtualATMMachine\SimpleVirtualATMMachine.csproj", "{730733A4-3700-42D5-B84C-C48339ABD472}"
EndProject
Global
	GlobalSection(SolutionConfigurationPlatforms) = preSolution
		Debug|Any CPU = Debug|Any CPU
		Release|Any CPU = Release|Any CPU
	EndGlobalSection
	GlobalSection(ProjectConfigurationPlatforms) = postSolution
		{461DBDBF-7E3E-4BB8-BA3D-93B2C09A560A}.Debug|Any CPU.ActiveCfg = Debug|Any CPU
		{461DBDBF-7E3E-4BB8-BA3D-93B2C09A560A}.Debug|Any CPU.Build.0 = Debug|Any CPU
		{461DBDBF-7E3E-4BB8-BA3D-93B2C09A560A}.Release|Any CPU.ActiveCfg = Release|Any CPU
		{461DBDBF-7E3E-4BB8-BA3D-93B2C09A560A}.Release|Any CPU.Build.0 = Release|Any CPU
		{D0827C9E-5618-428E-881D-022930B4330E}.Debug|Any CPU.ActiveCfg = Debug|Any CPU
		{D0827C9E-5618-428E-881D-022930B4330E}.Debug|Any CPU.Build.0 = Debug|Any CPU
		{D0827C9E-5618-428E-881D-022930B4330E}.Release|Any CPU.ActiveCfg = Release|Any CPU
		{D0827C9E-5618-428E-881D-022930B4330E}.Release|Any CPU.Build.0 = Release|Any CPU
		{0E77AEB7-5D5D-4AED-8DD4-8C1A90DF555C}.Debug|Any CPU.ActiveCfg = Debug|Any CPU
		{0E77AEB7-5D5D-4AED-8DD4-8C1A90DF555C}.Debug|Any CPU.Build.0 = Debug|Any CPU
		{0E77AEB7-5D5D-4AED-8DD4-8C1A90DF555C}.Release|Any CPU.ActiveCfg = Release|Any CPU
		{0E77AEB7-5D5D-4AED-8DD4-8C1A90DF555C}.Release|Any CPU.Build.0 = Release|Any CPU
		{829CEAF7-D3B2-4E3E-8F66-BE555EF19C20}.Debug|Any CPU.ActiveCfg = Debug|Any CPU
		{829CEAF7-D3B2-4E3E-8F66-BE555EF19C20}.Debug|Any CPU.Build.0 = Debug|Any CPU
		{829CEAF7-D3B2-4E3E-8F66-BE555EF19C20}.Release|Any CPU.ActiveCfg = Release|Any CPU
		{829CEAF7-D3B2-4E3E-8F66-BE555EF19C20}.Release|Any CPU.Build.0 = Release|Any CPU
		{2259CE07-7754-4621-A278-7FA2BD58CFA9}.Debug|Any CPU.ActiveCfg = Debug|Any CPU
		{2259CE07-7754-4621-A278-7FA2BD58CFA9}.Debug|Any CPU.Build.0 = Debug|Any CPU
		{2259CE07-7754-4621-A278-7FA2BD58CFA9}.Release|Any CPU.ActiveCfg = Release|Any CPU
		{2259CE07-7754-4621-A278-7FA2BD58CFA9}.Release|Any CPU.Build.0 = Release|Any CPU
		{81566E48-ACD0-4E79-ADB0-8A47A49BD06A}.Debug|Any CPU.ActiveCfg = Debug|Any CPU
		{81566E48-ACD0-4E79-ADB0-8A47A49BD06A}.Debug|Any CPU.Build.0 = Debug|Any CPU
		{81566E48-ACD0-4E79-ADB0-8A47A49BD06A}.Release|Any CPU.ActiveCfg = Release|Any CPU
		{81566E48-ACD0-4E79-ADB0-8A47A49BD06A}.Release|Any CPU.Build.0 = Release|Any CPU
		{914A1519-022C-4326-8753-88A4673F994F}.Debug|Any CPU.ActiveCfg = Debug|Any CPU
		{914A1519-022C-4326-8753-88A4673F994F}.Debug|Any CPU.Build.0 = Debug|Any CPU
		{914A1519-022C-4326-8753-88A4673F994F}.Release|Any CPU.ActiveCfg = Release|Any CPU
		{914A1519-022C-4326-8753-88A4673F994F}.Release|Any CPU.Build.0 = Release|Any CPU
		{5273F151-604A-4EF6-A477-9F0BB09E10D6}.Debug|Any CPU.ActiveCfg = Debug|Any CPU
		{5273F151-604A-4EF6-A477-9F0BB09E10D6}.Debug|Any CPU.Build.0 = Debug|Any CPU
		{5273F151-604A-4EF6-A477-9F0BB09E10D6}.Release|Any CPU.ActiveCfg = Release|Any CPU
		{5273F151-604A-4EF6-A477-9F0BB09E10D6}.Release|Any CPU.Build.0 = Release|Any CPU
		{DF00F170-FC04-4E64-93B1-1AA6D75B9B62}.Debug|Any CPU.ActiveCfg = Debug|Any CPU
		{DF00F170-FC04-4E64-93B1-1AA6D75B9B62}.Debug|Any CPU.Build.0 = Debug|Any CPU
		{DF00F170-FC04-4E64-93B1-1AA6D75B9B62}.Release|Any CPU.ActiveCfg = Release|Any CPU
		{DF00F170-FC04-4E64-93B1-1AA6D75B9B62}.Release|Any CPU.Build.0 = Release|Any CPU
		{14AC1F13-7B02-4403-9F91-F7D1FE92EA17}.Debug|Any CPU.ActiveCfg = Debug|Any CPU
		{14AC1F13-7B02-4403-9F91-F7D1FE92EA17}.Debug|Any CPU.Build.0 = Debug|Any CPU
		{14AC1F13-7B02-4403-9F91-F7D1FE92EA17}.Release|Any CPU.ActiveCfg = Release|Any CPU
		{14AC1F13-7B02-4403-9F91-F7D1FE92EA17}.Release|Any CPU.Build.0 = Release|Any CPU
		{730733A4-3700-42D5-B84C-C48339ABD472}.Debug|Any CPU.ActiveCfg = Debug|Any CPU
		{730733A4-3700-42D5-B84C-C48339ABD472}.Debug|Any CPU.Build.0 = Debug|Any CPU
		{730733A4-3700-42D5-B84C-C48339ABD472}.Release|Any CPU.ActiveCfg = Release|Any CPU
		{730733A4-3700-42D5-B84C-C48339ABD472}.Release|Any CPU.Build.0 = Release|Any CPU
	EndGlobalSection
	GlobalSection(SolutionProperties) = preSolution
		HideSolutionNode = FALSE
	EndGlobalSection
	GlobalSection(NestedProjects) = preSolution
		{461DBDBF-7E3E-4BB8-BA3D-93B2C09A560A} = {6AF17CD2-D4D5-4460-BD99-91988DCA9221}
		{1872EF9C-FA44-4531-87F2-64C6234FD0E1} = {7E06EF2A-57F8-4123-9D32-42925AA9EBCA}
		{40FE5EBB-0B40-470B-9716-B2D82CDFBB98} = {7E06EF2A-57F8-4123-9D32-42925AA9EBCA}
		{75BA3801-80CD-47BB-B335-13BB74E4C1CD} = {7E06EF2A-57F8-4123-9D32-42925AA9EBCA}
		{6AF17CD2-D4D5-4460-BD99-91988DCA9221} = {7E06EF2A-57F8-4123-9D32-42925AA9EBCA}
		{2C4FD852-CBB2-497D-843C-D6BA4044BFA9} = {27B10315-4CAC-4BAE-8FBC-A2B1955CFB09}
		{D0827C9E-5618-428E-881D-022930B4330E} = {75BA3801-80CD-47BB-B335-13BB74E4C1CD}
		{0E77AEB7-5D5D-4AED-8DD4-8C1A90DF555C} = {1872EF9C-FA44-4531-87F2-64C6234FD0E1}
		{829CEAF7-D3B2-4E3E-8F66-BE555EF19C20} = {6AF17CD2-D4D5-4460-BD99-91988DCA9221}
		{2259CE07-7754-4621-A278-7FA2BD58CFA9} = {40FE5EBB-0B40-470B-9716-B2D82CDFBB98}
		{81566E48-ACD0-4E79-ADB0-8A47A49BD06A} = {1872EF9C-FA44-4531-87F2-64C6234FD0E1}
		{914A1519-022C-4326-8753-88A4673F994F} = {2C4FD852-CBB2-497D-843C-D6BA4044BFA9}
		{5273F151-604A-4EF6-A477-9F0BB09E10D6} = {2C4FD852-CBB2-497D-843C-D6BA4044BFA9}
		{DF00F170-FC04-4E64-93B1-1AA6D75B9B62} = {BB969A85-D15E-47F1-B728-37A9F3CA60CF}
		{14AC1F13-7B02-4403-9F91-F7D1FE92EA17} = {BB969A85-D15E-47F1-B728-37A9F3CA60CF}
		{730733A4-3700-42D5-B84C-C48339ABD472} = {B85E34B3-DA97-4AD8-A094-BA6EBCBD3A2B}
	EndGlobalSection
	GlobalSection(ExtensibilityGlobals) = postSolution
		SolutionGuid = {691282BB-2739-4070-9CB1-FEDEAF86849A}
	EndGlobalSection
EndGlobal
